
Microsoft Visual Studio Solution File, Format Version 12.00
# Visual Studio Version 16
VisualStudioVersion = 16.0.30309.148
MinimumVisualStudioVersion = 10.0.40219.1
Project("{FAE04EC0-301F-11D3-BF4B-00C04F79EFBC}") = "Musicly Player", "Musicly Player.csproj", "{2747D142-A775-46FE-83F6-D228CB0AA1D0}"
EndProject
Global
	GlobalSection(SolutionConfigurationPlatforms) = preSolution
		Debug|Any CPU = Debug|Any CPU
		Release|Any CPU = Release|Any CPU
	EndGlobalSection
	GlobalSection(ProjectConfigurationPlatforms) = postSolution
		{2747D142-A775-46FE-83F6-D228CB0AA1D0}.Debug|Any CPU.ActiveCfg = Debug|Any CPU
		{2747D142-A775-46FE-83F6-D228CB0AA1D0}.Debug|Any CPU.Build.0 = Debug|Any CPU
		{2747D142-A775-46FE-83F6-D228CB0AA1D0}.Release|Any CPU.ActiveCfg = Release|Any CPU
		{2747D142-A775-46FE-83F6-D228CB0AA1D0}.Release|Any CPU.Build.0 = Release|Any CPU
	EndGlobalSection
	GlobalSection(SolutionProperties) = preSolution
		HideSolutionNode = FALSE
	EndGlobalSection
	GlobalSection(ExtensibilityGlobals) = postSolution
		SolutionGuid = {2FD40A64-285D-472F-8DB9-90E6DE2DF750}
	EndGlobalSection
EndGlobal
